
Microsoft Visual Studio Solution File, Format Version 12.00
# Visual Studio Version 16
VisualStudioVersion = 16.0.29905.134
MinimumVisualStudioVersion = 10.0.40219.1
Project("{FAE04EC0-301F-11D3-BF4B-00C04F79EFBC}") = "CompanyApp", "CompanyApp\CompanyApp.csproj", "{6C634291-77DC-4E2C-AACE-F7DE59C02A10}"
EndProject
Project("{FAE04EC0-301F-11D3-BF4B-00C04F79EFBC}") = "CompanyLibrary", "CompanyLibrary\CompanyLibrary.csproj", "{D94FFA06-EB98-4073-9962-30C5C82BE3A9}"
EndProject
Global
	GlobalSection(SolutionConfigurationPlatforms) = preSolution
		Debug|Any CPU = Debug|Any CPU
		Release|Any CPU = Release|Any CPU
	EndGlobalSection
	GlobalSection(ProjectConfigurationPlatforms) = postSolution
		{6C634291-77DC-4E2C-AACE-F7DE59C02A10}.Debug|Any CPU.ActiveCfg = Debug|Any CPU
		{6C634291-77DC-4E2C-AACE-F7DE59C02A10}.Debug|Any CPU.Build.0 = Debug|Any CPU
		{6C634291-77DC-4E2C-AACE-F7DE59C02A10}.Release|Any CPU.ActiveCfg = Release|Any CPU
		{6C634291-77DC-4E2C-AACE-F7DE59C02A10}.Release|Any CPU.Build.0 = Release|Any CPU
		{D94FFA06-EB98-4073-9962-30C5C82BE3A9}.Debug|Any CPU.ActiveCfg = Debug|Any CPU
		{D94FFA06-EB98-4073-9962-30C5C82BE3A9}.Debug|Any CPU.Build.0 = Debug|Any CPU
		{D94FFA06-EB98-4073-9962-30C5C82BE3A9}.Release|Any CPU.ActiveCfg = Release|Any CPU
		{D94FFA06-EB98-4073-9962-30C5C82BE3A9}.Release|Any CPU.Build.0 = Release|Any CPU
	EndGlobalSection
	GlobalSection(SolutionProperties) = preSolution
		HideSolutionNode = FALSE
	EndGlobalSection
	GlobalSection(ExtensibilityGlobals) = postSolution
		SolutionGuid = {18DFBEDD-878E-4533-B987-3C579C9AE541}
	EndGlobalSection
EndGlobal
