
Microsoft Visual Studio Solution File, Format Version 12.00
# Visual Studio Version 16
VisualStudioVersion = 16.0.29905.134
MinimumVisualStudioVersion = 10.0.40219.1
Project("{FAE04EC0-301F-11D3-BF4B-00C04F79EFBC}") = "SumOfEven", "SumOfEven\SumOfEven.csproj", "{9B22C11F-8D78-4D9B-A756-A260C39F5D39}"
EndProject
Project("{FAE04EC0-301F-11D3-BF4B-00C04F79EFBC}") = "StudentGroup", "StudentGroup\StudentGroup.csproj", "{882CCB3A-5BDB-478E-BC42-E3BDED83E4BF}"
EndProject
Global
	GlobalSection(SolutionConfigurationPlatforms) = preSolution
		Debug|Any CPU = Debug|Any CPU
		Release|Any CPU = Release|Any CPU
	EndGlobalSection
	GlobalSection(ProjectConfigurationPlatforms) = postSolution
		{9B22C11F-8D78-4D9B-A756-A260C39F5D39}.Debug|Any CPU.ActiveCfg = Debug|Any CPU
		{9B22C11F-8D78-4D9B-A756-A260C39F5D39}.Debug|Any CPU.Build.0 = Debug|Any CPU
		{9B22C11F-8D78-4D9B-A756-A260C39F5D39}.Release|Any CPU.ActiveCfg = Release|Any CPU
		{9B22C11F-8D78-4D9B-A756-A260C39F5D39}.Release|Any CPU.Build.0 = Release|Any CPU
		{882CCB3A-5BDB-478E-BC42-E3BDED83E4BF}.Debug|Any CPU.ActiveCfg = Debug|Any CPU
		{882CCB3A-5BDB-478E-BC42-E3BDED83E4BF}.Debug|Any CPU.Build.0 = Debug|Any CPU
		{882CCB3A-5BDB-478E-BC42-E3BDED83E4BF}.Release|Any CPU.ActiveCfg = Release|Any CPU
		{882CCB3A-5BDB-478E-BC42-E3BDED83E4BF}.Release|Any CPU.Build.0 = Release|Any CPU
	EndGlobalSection
	GlobalSection(SolutionProperties) = preSolution
		HideSolutionNode = FALSE
	EndGlobalSection
	GlobalSection(ExtensibilityGlobals) = postSolution
		SolutionGuid = {BD7B55CF-2569-4E7B-A2D9-550C5F8B3FEF}
	EndGlobalSection
EndGlobal
