
Microsoft Visual Studio Solution File, Format Version 12.00
# Visual Studio Version 16
VisualStudioVersion = 16.0.29905.134
MinimumVisualStudioVersion = 10.0.40219.1
Project("{FAE04EC0-301F-11D3-BF4B-00C04F79EFBC}") = "Methods", "Methods\Methods.csproj", "{BA7AC469-6BB6-49C0-93C5-57DA61E126BC}"
EndProject
Project("{FAE04EC0-301F-11D3-BF4B-00C04F79EFBC}") = "SumAndSubtract", "SumAndSubtract\SumAndSubtract.csproj", "{3F03E310-05BB-413E-A691-2283EA1A28F8}"
EndProject
Global
	GlobalSection(SolutionConfigurationPlatforms) = preSolution
		Debug|Any CPU = Debug|Any CPU
		Release|Any CPU = Release|Any CPU
	EndGlobalSection
	GlobalSection(ProjectConfigurationPlatforms) = postSolution
		{BA7AC469-6BB6-49C0-93C5-57DA61E126BC}.Debug|Any CPU.ActiveCfg = Debug|Any CPU
		{BA7AC469-6BB6-49C0-93C5-57DA61E126BC}.Debug|Any CPU.Build.0 = Debug|Any CPU
		{BA7AC469-6BB6-49C0-93C5-57DA61E126BC}.Release|Any CPU.ActiveCfg = Release|Any CPU
		{BA7AC469-6BB6-49C0-93C5-57DA61E126BC}.Release|Any CPU.Build.0 = Release|Any CPU
		{3F03E310-05BB-413E-A691-2283EA1A28F8}.Debug|Any CPU.ActiveCfg = Debug|Any CPU
		{3F03E310-05BB-413E-A691-2283EA1A28F8}.Debug|Any CPU.Build.0 = Debug|Any CPU
		{3F03E310-05BB-413E-A691-2283EA1A28F8}.Release|Any CPU.ActiveCfg = Release|Any CPU
		{3F03E310-05BB-413E-A691-2283EA1A28F8}.Release|Any CPU.Build.0 = Release|Any CPU
	EndGlobalSection
	GlobalSection(SolutionProperties) = preSolution
		HideSolutionNode = FALSE
	EndGlobalSection
	GlobalSection(ExtensibilityGlobals) = postSolution
		SolutionGuid = {62A161C4-3AB5-46C5-AFD1-B084921834EA}
	EndGlobalSection
EndGlobal
