
Microsoft Visual Studio Solution File, Format Version 12.00
# Visual Studio Version 16
VisualStudioVersion = 16.0.29905.134
MinimumVisualStudioVersion = 10.0.40219.1
Project("{FAE04EC0-301F-11D3-BF4B-00C04F79EFBC}") = "Date", "Date\Date.csproj", "{49F4B4EE-AA64-4B9B-A9CA-42A691FF7022}"
EndProject
Project("{FAE04EC0-301F-11D3-BF4B-00C04F79EFBC}") = "ClassesAndObjects", "ClassesAndObjects\ClassesAndObjects.csproj", "{247AD356-1600-4FE9-9B6B-B8143BB34B5B}"
EndProject
Project("{FAE04EC0-301F-11D3-BF4B-00C04F79EFBC}") = "ClassesAndObjects2", "ClassesAndObjects2\ClassesAndObjects2.csproj", "{2D169BF7-B49F-4556-B5FB-AB9EEF7E1485}"
EndProject
Global
	GlobalSection(SolutionConfigurationPlatforms) = preSolution
		Debug|Any CPU = Debug|Any CPU
		Release|Any CPU = Release|Any CPU
	EndGlobalSection
	GlobalSection(ProjectConfigurationPlatforms) = postSolution
		{49F4B4EE-AA64-4B9B-A9CA-42A691FF7022}.Debug|Any CPU.ActiveCfg = Debug|Any CPU
		{49F4B4EE-AA64-4B9B-A9CA-42A691FF7022}.Debug|Any CPU.Build.0 = Debug|Any CPU
		{49F4B4EE-AA64-4B9B-A9CA-42A691FF7022}.Release|Any CPU.ActiveCfg = Release|Any CPU
		{49F4B4EE-AA64-4B9B-A9CA-42A691FF7022}.Release|Any CPU.Build.0 = Release|Any CPU
		{247AD356-1600-4FE9-9B6B-B8143BB34B5B}.Debug|Any CPU.ActiveCfg = Debug|Any CPU
		{247AD356-1600-4FE9-9B6B-B8143BB34B5B}.Debug|Any CPU.Build.0 = Debug|Any CPU
		{247AD356-1600-4FE9-9B6B-B8143BB34B5B}.Release|Any CPU.ActiveCfg = Release|Any CPU
		{247AD356-1600-4FE9-9B6B-B8143BB34B5B}.Release|Any CPU.Build.0 = Release|Any CPU
		{2D169BF7-B49F-4556-B5FB-AB9EEF7E1485}.Debug|Any CPU.ActiveCfg = Debug|Any CPU
		{2D169BF7-B49F-4556-B5FB-AB9EEF7E1485}.Debug|Any CPU.Build.0 = Debug|Any CPU
		{2D169BF7-B49F-4556-B5FB-AB9EEF7E1485}.Release|Any CPU.ActiveCfg = Release|Any CPU
		{2D169BF7-B49F-4556-B5FB-AB9EEF7E1485}.Release|Any CPU.Build.0 = Release|Any CPU
	EndGlobalSection
	GlobalSection(SolutionProperties) = preSolution
		HideSolutionNode = FALSE
	EndGlobalSection
	GlobalSection(ExtensibilityGlobals) = postSolution
		SolutionGuid = {D5B052B7-57B9-417D-9CEA-8C2BDAB76EAB}
	EndGlobalSection
EndGlobal
