
Microsoft Visual Studio Solution File, Format Version 12.00
# Visual Studio Version 16
VisualStudioVersion = 16.0.29905.134
MinimumVisualStudioVersion = 10.0.40219.1
Project("{FAE04EC0-301F-11D3-BF4B-00C04F79EFBC}") = "Traffic Light", "Traffic Light\Traffic Light.csproj", "{0E3BA1F4-02FC-4CCC-A090-25D28B336FA1}"
EndProject
Project("{FAE04EC0-301F-11D3-BF4B-00C04F79EFBC}") = "FizzBuzz", "FizzBuzz\FizzBuzz.csproj", "{CDC42408-3F38-4223-98A5-9B4FB419078D}"
EndProject
Project("{FAE04EC0-301F-11D3-BF4B-00C04F79EFBC}") = "NameOfMonth", "NameOfMonth\NameOfMonth.csproj", "{E0CCEC0C-4963-4C6E-9A6B-D522FD93F441}"
EndProject
Project("{FAE04EC0-301F-11D3-BF4B-00C04F79EFBC}") = "DigitComparer", "DigitComparer\DigitComparer.csproj", "{5A8871FD-74D3-4ABD-9037-01BB5378ADDA}"
EndProject
Project("{FAE04EC0-301F-11D3-BF4B-00C04F79EFBC}") = "CoffeMachine", "CoffeMachine\CoffeMachine.csproj", "{F84ADED0-C117-468B-806C-6CFA76D3DBD6}"
EndProject
Global
	GlobalSection(SolutionConfigurationPlatforms) = preSolution
		Debug|Any CPU = Debug|Any CPU
		Release|Any CPU = Release|Any CPU
	EndGlobalSection
	GlobalSection(ProjectConfigurationPlatforms) = postSolution
		{0E3BA1F4-02FC-4CCC-A090-25D28B336FA1}.Debug|Any CPU.ActiveCfg = Debug|Any CPU
		{0E3BA1F4-02FC-4CCC-A090-25D28B336FA1}.Debug|Any CPU.Build.0 = Debug|Any CPU
		{0E3BA1F4-02FC-4CCC-A090-25D28B336FA1}.Release|Any CPU.ActiveCfg = Release|Any CPU
		{0E3BA1F4-02FC-4CCC-A090-25D28B336FA1}.Release|Any CPU.Build.0 = Release|Any CPU
		{CDC42408-3F38-4223-98A5-9B4FB419078D}.Debug|Any CPU.ActiveCfg = Debug|Any CPU
		{CDC42408-3F38-4223-98A5-9B4FB419078D}.Debug|Any CPU.Build.0 = Debug|Any CPU
		{CDC42408-3F38-4223-98A5-9B4FB419078D}.Release|Any CPU.ActiveCfg = Release|Any CPU
		{CDC42408-3F38-4223-98A5-9B4FB419078D}.Release|Any CPU.Build.0 = Release|Any CPU
		{E0CCEC0C-4963-4C6E-9A6B-D522FD93F441}.Debug|Any CPU.ActiveCfg = Debug|Any CPU
		{E0CCEC0C-4963-4C6E-9A6B-D522FD93F441}.Debug|Any CPU.Build.0 = Debug|Any CPU
		{E0CCEC0C-4963-4C6E-9A6B-D522FD93F441}.Release|Any CPU.ActiveCfg = Release|Any CPU
		{E0CCEC0C-4963-4C6E-9A6B-D522FD93F441}.Release|Any CPU.Build.0 = Release|Any CPU
		{5A8871FD-74D3-4ABD-9037-01BB5378ADDA}.Debug|Any CPU.ActiveCfg = Debug|Any CPU
		{5A8871FD-74D3-4ABD-9037-01BB5378ADDA}.Debug|Any CPU.Build.0 = Debug|Any CPU
		{5A8871FD-74D3-4ABD-9037-01BB5378ADDA}.Release|Any CPU.ActiveCfg = Release|Any CPU
		{5A8871FD-74D3-4ABD-9037-01BB5378ADDA}.Release|Any CPU.Build.0 = Release|Any CPU
		{F84ADED0-C117-468B-806C-6CFA76D3DBD6}.Debug|Any CPU.ActiveCfg = Debug|Any CPU
		{F84ADED0-C117-468B-806C-6CFA76D3DBD6}.Debug|Any CPU.Build.0 = Debug|Any CPU
		{F84ADED0-C117-468B-806C-6CFA76D3DBD6}.Release|Any CPU.ActiveCfg = Release|Any CPU
		{F84ADED0-C117-468B-806C-6CFA76D3DBD6}.Release|Any CPU.Build.0 = Release|Any CPU
	EndGlobalSection
	GlobalSection(SolutionProperties) = preSolution
		HideSolutionNode = FALSE
	EndGlobalSection
	GlobalSection(ExtensibilityGlobals) = postSolution
		SolutionGuid = {234AB472-1FA5-434A-AF1C-C80B0CA2A95A}
	EndGlobalSection
EndGlobal
