
Microsoft Visual Studio Solution File, Format Version 12.00
# Visual Studio Version 16
VisualStudioVersion = 16.0.29905.134
MinimumVisualStudioVersion = 10.0.40219.1
Project("{9A19103F-16F7-4668-BE54-9A1E7A4F7556}") = "MovieStoreConsole", "MovieStoreConsole\MovieStoreConsole.csproj", "{2BFF737D-52C7-4ACA-A9DA-5DC4970C3668}"
EndProject
Project("{9A19103F-16F7-4668-BE54-9A1E7A4F7556}") = "MovieStoreLibrary", "MovieStoreLibrary\MovieStoreLibrary.csproj", "{FB4F2634-9942-4DFC-A3E1-558725C4D80F}"
EndProject
Project("{FAE04EC0-301F-11D3-BF4B-00C04F79EFBC}") = "MovieStoreServices", "MovieStoreServices\MovieStoreServices.csproj", "{2C671B61-FE35-418A-A208-F6C8EA02B759}"
EndProject
Global
	GlobalSection(SolutionConfigurationPlatforms) = preSolution
		Debug|Any CPU = Debug|Any CPU
		Release|Any CPU = Release|Any CPU
	EndGlobalSection
	GlobalSection(ProjectConfigurationPlatforms) = postSolution
		{2BFF737D-52C7-4ACA-A9DA-5DC4970C3668}.Debug|Any CPU.ActiveCfg = Debug|Any CPU
		{2BFF737D-52C7-4ACA-A9DA-5DC4970C3668}.Debug|Any CPU.Build.0 = Debug|Any CPU
		{2BFF737D-52C7-4ACA-A9DA-5DC4970C3668}.Release|Any CPU.ActiveCfg = Release|Any CPU
		{2BFF737D-52C7-4ACA-A9DA-5DC4970C3668}.Release|Any CPU.Build.0 = Release|Any CPU
		{FB4F2634-9942-4DFC-A3E1-558725C4D80F}.Debug|Any CPU.ActiveCfg = Debug|Any CPU
		{FB4F2634-9942-4DFC-A3E1-558725C4D80F}.Debug|Any CPU.Build.0 = Debug|Any CPU
		{FB4F2634-9942-4DFC-A3E1-558725C4D80F}.Release|Any CPU.ActiveCfg = Release|Any CPU
		{FB4F2634-9942-4DFC-A3E1-558725C4D80F}.Release|Any CPU.Build.0 = Release|Any CPU
		{2C671B61-FE35-418A-A208-F6C8EA02B759}.Debug|Any CPU.ActiveCfg = Debug|Any CPU
		{2C671B61-FE35-418A-A208-F6C8EA02B759}.Debug|Any CPU.Build.0 = Debug|Any CPU
		{2C671B61-FE35-418A-A208-F6C8EA02B759}.Release|Any CPU.ActiveCfg = Release|Any CPU
		{2C671B61-FE35-418A-A208-F6C8EA02B759}.Release|Any CPU.Build.0 = Release|Any CPU
	EndGlobalSection
	GlobalSection(SolutionProperties) = preSolution
		HideSolutionNode = FALSE
	EndGlobalSection
	GlobalSection(ExtensibilityGlobals) = postSolution
		SolutionGuid = {DCA796FF-73C1-4E15-B296-AA1237586F1A}
	EndGlobalSection
EndGlobal
